
Microsoft Visual Studio Solution File, Format Version 12.00
# Visual Studio Version 17
VisualStudioVersion = 17.12.35209.166
MinimumVisualStudioVersion = 10.0.40219.1
Project("{FAE04EC0-301F-11D3-BF4B-00C04F79EFBC}") = "SOCKS5-proxy", "SOCKS5-proxy\SOCKS5-proxy.csproj", "{1F7A5F05-3B0F-4B67-8FC2-E3C790887010}"
EndProject
Global
	GlobalSection(SolutionConfigurationPlatforms) = preSolution
		Debug|Any CPU = Debug|Any CPU
		Release|Any CPU = Release|Any CPU
	EndGlobalSection
	GlobalSection(ProjectConfigurationPlatforms) = postSolution
		{1F7A5F05-3B0F-4B67-8FC2-E3C790887010}.Debug|Any CPU.ActiveCfg = Debug|Any CPU
		{1F7A5F05-3B0F-4B67-8FC2-E3C790887010}.Debug|Any CPU.Build.0 = Debug|Any CPU
		{1F7A5F05-3B0F-4B67-8FC2-E3C790887010}.Release|Any CPU.ActiveCfg = Release|Any CPU
		{1F7A5F05-3B0F-4B67-8FC2-E3C790887010}.Release|Any CPU.Build.0 = Release|Any CPU
	EndGlobalSection
	GlobalSection(SolutionProperties) = preSolution
		HideSolutionNode = FALSE
	EndGlobalSection
	GlobalSection(ExtensibilityGlobals) = postSolution
		SolutionGuid = {91DBE145-2112-446F-9772-55EFE2FB93BB}
	EndGlobalSection
EndGlobal
